{
  "name": "tmp",
  "lockfileVersion": 3,
  "requires": true,
  "packages": {
    "": {
      "dependencies": {
        "gridstack": "^10.3.1"
      }
    },
    "node_modules/gridstack": {
      "version": "10.3.1",
      "resolved": "https://registry.npmjs.org/gridstack/-/gridstack-10.3.1.tgz",
      "integrity": "sha512-Ra82k/88gdeiu3ZP40COS4bI4sGhNQlZAaAQ6szfPfr68zVpsXxiyLKr5zYcTpKX4jjcwyNsNNdcV1tDJc71fA==",
      "funding": [
        {
          "type": "paypal",
          "url": "https://www.paypal.me/alaind831"
        },
        {
          "type": "venmo",
          "url": "https://www.venmo.com/adumesny"
        }
      ]
    }
  }
}
